PODS:
  - Flutter (1.0.0)
  - molpay_mobile_xdk_flutter_beta (0.0.1):
    - Flutter

DEPENDENCIES:
  - Flutter (from `Pods/.symlinks/flutter/ios`)
  - molpay_mobile_xdk_flutter_beta (from `Pods/.symlinks/plugins/molpay_mobile_xdk_flutter_beta/ios`)

EXTERNAL SOURCES:
  Flutter:
    :path: Pods/.symlinks/flutter/ios
  molpay_mobile_xdk_flutter_beta:
    :path: Pods/.symlinks/plugins/molpay_mobile_xdk_flutter_beta/ios

SPEC CHECKSUMS:
  Flutter: 0e3d915762c693b495b44d77113d4970485de6ec
  molpay_mobile_xdk_flutter_beta: 5b02bdb2019b78ba8f7ecbd600fd253f773edb2b

PODFILE CHECKSUM: 13dcf421f4da2e937a57e8ba760ed880beae536f

COCOAPODS: 1.8.4
